
Microsoft Visual Studio Solution File, Format Version 12.00
# Visual Studio 14
VisualStudioVersion = 14.0.25420.1
MinimumVisualStudioVersion = 10.0.40219.1
Project("{8BC9CEB8-8B4A-11D0-8D11-00A0C91BC942}") = "Homework4", "Homework4\Homework4.vcxproj", "{23127C7B-7112-44A5-B6B8-16480F6414CE}"
EndProject
Global
	GlobalSection(SolutionConfigurationPlatforms) = preSolution
		Debug|x64 = Debug|x64
		Debug|x86 = Debug|x86
		Release|x64 = Release|x64
		Release|x86 = Release|x86
	EndGlobalSection
	GlobalSection(ProjectConfigurationPlatforms) = postSolution
		{23127C7B-7112-44A5-B6B8-16480F6414CE}.Debug|x64.ActiveCfg = Debug|x64
		{23127C7B-7112-44A5-B6B8-16480F6414CE}.Debug|x64.Build.0 = Debug|x64
		{23127C7B-7112-44A5-B6B8-16480F6414CE}.Debug|x86.ActiveCfg = Debug|Win32
		{23127C7B-7112-44A5-B6B8-16480F6414CE}.Debug|x86.Build.0 = Debug|Win32
		{23127C7B-7112-44A5-B6B8-16480F6414CE}.Release|x64.ActiveCfg = Release|x64
		{23127C7B-7112-44A5-B6B8-16480F6414CE}.Release|x64.Build.0 = Release|x64
		{23127C7B-7112-44A5-B6B8-16480F6414CE}.Release|x86.ActiveCfg = Release|Win32
		{23127C7B-7112-44A5-B6B8-16480F6414CE}.Release|x86.Build.0 = Release|Win32
	EndGlobalSection
	GlobalSection(SolutionProperties) = preSolution
		HideSolutionNode = FALSE
	EndGlobalSection
EndGlobal
